
Microsoft Visual Studio Solution File, Format Version 12.00
# Visual Studio 15
VisualStudioVersion = 15.0.28307.421
MinimumVisualStudioVersion = 10.0.40219.1
Project("{FAE04EC0-301F-11D3-BF4B-00C04F79EFBC}") = "DpsApis", "DpsApis\DpsApis.csproj", "{91D6300B-6AEE-4B74-A320-E45EE9339752}"
EndProject
Project("{FAE04EC0-301F-11D3-BF4B-00C04F79EFBC}") = "Core", "Core\Core.csproj", "{1D848EE7-6AED-40C8-8C5D-5CEA6FD3FAB8}"
EndProject
Project("{FAE04EC0-301F-11D3-BF4B-00C04F79EFBC}") = "Infrastructure", "Infrastructure\Infrastructure.csproj", "{43083463-7DE8-4462-9DC6-F491B37AE40D}"
EndProject
Project("{FAE04EC0-301F-11D3-BF4B-00C04F79EFBC}") = "DpsApisTest", "DpsApisTest\DpsApisTest.csproj", "{21C3ABBF-792D-4C6B-A56D-A563B3F918B1}"
EndProject
Project("{FAE04EC0-301F-11D3-BF4B-00C04F79EFBC}") = "CoreTest", "CoreTest\CoreTest.csproj", "{471E4C80-594D-416B-9911-2CAF053646D4}"
EndProject
Project("{FAE04EC0-301F-11D3-BF4B-00C04F79EFBC}") = "InfrastructureTest", "InfrastructureTest\InfrastructureTest.csproj", "{C8E03F0E-5B82-4BB2-A550-3BB118F2E85B}"
EndProject
Global
	GlobalSection(SolutionConfigurationPlatforms) = preSolution
		Debug|Any CPU = Debug|Any CPU
		Release|Any CPU = Release|Any CPU
	EndGlobalSection
	GlobalSection(ProjectConfigurationPlatforms) = postSolution
		{91D6300B-6AEE-4B74-A320-E45EE9339752}.Debug|Any CPU.ActiveCfg = Debug|Any CPU
		{91D6300B-6AEE-4B74-A320-E45EE9339752}.Debug|Any CPU.Build.0 = Debug|Any CPU
		{91D6300B-6AEE-4B74-A320-E45EE9339752}.Release|Any CPU.ActiveCfg = Release|Any CPU
		{91D6300B-6AEE-4B74-A320-E45EE9339752}.Release|Any CPU.Build.0 = Release|Any CPU
		{1D848EE7-6AED-40C8-8C5D-5CEA6FD3FAB8}.Debug|Any CPU.ActiveCfg = Debug|Any CPU
		{1D848EE7-6AED-40C8-8C5D-5CEA6FD3FAB8}.Debug|Any CPU.Build.0 = Debug|Any CPU
		{1D848EE7-6AED-40C8-8C5D-5CEA6FD3FAB8}.Release|Any CPU.ActiveCfg = Release|Any CPU
		{1D848EE7-6AED-40C8-8C5D-5CEA6FD3FAB8}.Release|Any CPU.Build.0 = Release|Any CPU
		{43083463-7DE8-4462-9DC6-F491B37AE40D}.Debug|Any CPU.ActiveCfg = Debug|Any CPU
		{43083463-7DE8-4462-9DC6-F491B37AE40D}.Debug|Any CPU.Build.0 = Debug|Any CPU
		{43083463-7DE8-4462-9DC6-F491B37AE40D}.Release|Any CPU.ActiveCfg = Release|Any CPU
		{43083463-7DE8-4462-9DC6-F491B37AE40D}.Release|Any CPU.Build.0 = Release|Any CPU
		{21C3ABBF-792D-4C6B-A56D-A563B3F918B1}.Debug|Any CPU.ActiveCfg = Debug|Any CPU
		{21C3ABBF-792D-4C6B-A56D-A563B3F918B1}.Debug|Any CPU.Build.0 = Debug|Any CPU
		{21C3ABBF-792D-4C6B-A56D-A563B3F918B1}.Release|Any CPU.ActiveCfg = Release|Any CPU
		{21C3ABBF-792D-4C6B-A56D-A563B3F918B1}.Release|Any CPU.Build.0 = Release|Any CPU
		{471E4C80-594D-416B-9911-2CAF053646D4}.Debug|Any CPU.ActiveCfg = Debug|Any CPU
		{471E4C80-594D-416B-9911-2CAF053646D4}.Debug|Any CPU.Build.0 = Debug|Any CPU
		{471E4C80-594D-416B-9911-2CAF053646D4}.Release|Any CPU.ActiveCfg = Release|Any CPU
		{471E4C80-594D-416B-9911-2CAF053646D4}.Release|Any CPU.Build.0 = Release|Any CPU
		{C8E03F0E-5B82-4BB2-A550-3BB118F2E85B}.Debug|Any CPU.ActiveCfg = Debug|Any CPU
		{C8E03F0E-5B82-4BB2-A550-3BB118F2E85B}.Debug|Any CPU.Build.0 = Debug|Any CPU
		{C8E03F0E-5B82-4BB2-A550-3BB118F2E85B}.Release|Any CPU.ActiveCfg = Release|Any CPU
		{C8E03F0E-5B82-4BB2-A550-3BB118F2E85B}.Release|Any CPU.Build.0 = Release|Any CPU
	EndGlobalSection
	GlobalSection(SolutionProperties) = preSolution
		HideSolutionNode = FALSE
	EndGlobalSection
	GlobalSection(ExtensibilityGlobals) = postSolution
		SolutionGuid = {7B16C384-5BCC-4C10-B6B3-B05F038CD0EC}
	EndGlobalSection
EndGlobal
